
Microsoft Visual Studio Solution File, Format Version 12.00
# Visual Studio 15
VisualStudioVersion = 15.0.27428.2002
MinimumVisualStudioVersion = 10.0.40219.1
Project("{9A19103F-16F7-4668-BE54-9A1E7A4F7556}") = "RestLayerViewer", "RestLayerViewer\RestLayerViewer.csproj", "{C70B0EC4-880C-46B9-ACCD-96AE2C78FDF6}"
EndProject
Global
	GlobalSection(SolutionConfigurationPlatforms) = preSolution
		Debug|Any CPU = Debug|Any CPU
		Release|Any CPU = Release|Any CPU
	EndGlobalSection
	GlobalSection(ProjectConfigurationPlatforms) = postSolution
		{C70B0EC4-880C-46B9-ACCD-96AE2C78FDF6}.Debug|Any CPU.ActiveCfg = Debug|Any CPU
		{C70B0EC4-880C-46B9-ACCD-96AE2C78FDF6}.Debug|Any CPU.Build.0 = Debug|Any CPU
		{C70B0EC4-880C-46B9-ACCD-96AE2C78FDF6}.Release|Any CPU.ActiveCfg = Release|Any CPU
		{C70B0EC4-880C-46B9-ACCD-96AE2C78FDF6}.Release|Any CPU.Build.0 = Release|Any CPU
	EndGlobalSection
	GlobalSection(SolutionProperties) = preSolution
		HideSolutionNode = FALSE
	EndGlobalSection
	GlobalSection(ExtensibilityGlobals) = postSolution
		SolutionGuid = {6BF1353E-441E-4ABF-B22C-807354B50966}
	EndGlobalSection
EndGlobal
